alembic==1.19.1
annotated-doc==0.0.5
annotated-types==0.8.0
anthropic==0.122.0
anyio==4.14.2
argon2-cffi-bindings==25.1.0
argon2-cffi==25.1.0
asgiref==3.12.1
ast_serialize==0.8.0
attrs==26.1.0
certifi==2026.7.22
cffi==2.1.1
cfgv==3.5.0
charset-normalizer==3.5.0
click==8.4.2
contourpy==1.3.3
coverage==7.15.4
cryptography==50.0.0
cycler==0.12.1
distlib==0.4.3
distro==1.9.0
docstring_parser==0.18.0
fastapi==0.141.1
filelock==3.32.3
fonttools==4.63.0
googleapis-common-protos==1.75.1
greenlet==3.5.5
grpcio==1.80.0
h11==0.16.0
h2==4.4.1
hpack==4.2.0
httpcore==1.0.9
httptools==0.8.0
httpx==0.28.1
hyperframe==6.1.0
identify==2.6.19
idna==3.18
iniconfig==2.3.0
jiter==0.13.0
jsonschema-specifications==2025.9.1
jsonschema==4.26.0
kiwisolver==1.5.0
librt==0.15.0
Mako==1.4.1
MarkupSafe==3.0.3
matplotlib==3.11.1
minio==7.2.20
mypy_extensions==1.1.0
mypy==2.3.1
nats-py==2.15.0
nodeenv==1.10.0
numpy==2.5.2
opentelemetry-api==1.44.0
opentelemetry-exporter-otlp-proto-common==1.44.0
opentelemetry-exporter-otlp-proto-grpc==1.44.0
opentelemetry-exporter-otlp-proto-http==1.44.0
opentelemetry-exporter-otlp==1.44.0
opentelemetry-instrumentation-asgi==0.65b0
opentelemetry-instrumentation-fastapi==0.65b0
opentelemetry-instrumentation==0.65b0
opentelemetry-proto==1.44.0
opentelemetry-sdk==1.44.0
opentelemetry-semantic-conventions==0.65b0
opentelemetry-util-http==0.65b0
packaging==26.3
pathspec==1.1.1
pillow==12.3.0
platformdirs==4.11.3
pluggy==1.6.0
portalocker==3.2.0
pre_commit==4.6.2
protobuf==6.33.5
psycopg2-binary==2.9.12
pycparser==3.0
pycryptodome==3.23.0
pydantic_core==2.41.5
pydantic-settings==2.15.0
pydantic==2.12.5
Pygments==2.20.0
PyJWT==2.13.0
pyparsing==3.3.2
pytest-asyncio==1.4.0
pytest-cov==7.1.0
pytest==9.1.1
python-dateutil==2.9.0.post0
python-discovery==1.5.2
python-dotenv==1.2.2
PyYAML==6.0.3
qdrant-client==1.19.0
redis==8.1.0
referencing==0.37.0
requests==2.34.2
rpds-py==2026.6.3
ruff==0.6.9
six==1.17.0
sniffio==1.3.1
SQLAlchemy==2.0.52
starlette==1.6.0
structlog==26.1.0
typing_extensions==4.16.0
typing-inspection==0.4.4
urllib3==2.7.0
uvicorn==0.52.3
uvloop==0.22.1
virtualenv==21.7.4
watchfiles==1.2.0
websockets==17.0.1
wrapt==2.3.0
